// !$*UTF8*$!
{
	archiveVersion = 1;
	classes = {
	};
	objectVersion = 48;
	objects = {

/* Begin PBXBuildFile section */
		5E8FEB9D203F51A3007D9DA2 /* AppDelegate.swift in Sources */ = {isa = PBXBuildFile; fileRef = 5E8FEB9C203F51A3007D9DA2 /* AppDelegate.swift */; };
		5E8FEB9F203F51A3007D9DA2 /* ViewController.swift in Sources */ = {isa = PBXBuildFile; fileRef = 5E8FEB9E203F51A3007D9DA2 /* ViewController.swift */; };
		5E8FEBA2203F51A3007D9DA2 /* Main.storyboard in Resources */ = {isa = PBXBuildFile; fileRef = 5E8FEBA0203F51A3007D9DA2 /* Main.storyboard */; };
		5E8FEBA4203F51A3007D9DA2 /* Assets.xcassets in Resources */ = {isa = PBXBuildFile; fileRef = 5E8FEBA3203F51A3007D9DA2 /* Assets.xcassets */; };
		5E8FEBA7203F51A3007D9DA2 /* LaunchScreen.storyboard in Resources */ = {isa = PBXBuildFile; fileRef = 5E8FEBA5203F51A3007D9DA2 /* LaunchScreen.storyboard */; };
		5E8FEBAF203F51E7007D9DA2 /* STCubeTransition.swift in Sources */ = {isa = PBXBuildFile; fileRef = 5E8FEBAE203F51E7007D9DA2 /* STCubeTransition.swift */; };
		5EE1E80120429C6B00FE6F89 /* STCubeTransition.mov in Resources */ = {isa = PBXBuildFile; fileRef = 5EE1E80020429C6B00FE6F89 /* STCubeTransition.mov */; };
		5EE1E80520429F4A00FE6F89 /* STCubeTransition.gif in Resources */ = {isa = PBXBuildFile; fileRef = 5EE1E80420429F4A00FE6F89 /* STCubeTransition.gif */; };
/* End PBXBuildFile section */

/* Begin PBXFileReference section */
		5E8FEB99203F51A3007D9DA2 /* STCubeTransition.app */ = {isa = PBXFileReference; explicitFileType = wrapper.application; includeInIndex = 0; path = STCubeTransition.app; sourceTree = BUILT_PRODUCTS_DIR; };
		5E8FEB9C203F51A3007D9DA2 /* AppDelegate.swift */ = {isa = PBXFileReference; lastKnownFileType = sourcecode.swift; path = AppDelegate.swift; sourceTree = "<group>"; };
		5E8FEB9E203F51A3007D9DA2 /* ViewController.swift */ = {isa = PBXFileReference; lastKnownFileType = sourcecode.swift; path = ViewController.swift; sourceTree = "<group>"; };
		5E8FEBA1203F51A3007D9DA2 /* Base */ = {isa = PBXFileReference; lastKnownFileType = file.storyboard; name = Base; path = Base.lproj/Main.storyboard; sourceTree = "<group>"; };
		5E8FEBA3203F51A3007D9DA2 /* Assets.xcassets */ = {isa = PBXFileReference; lastKnownFileType = folder.assetcatalog; path = Assets.xcassets; sourceTree = "<group>"; };
		5E8FEBA6203F51A3007D9DA2 /* Base */ = {isa = PBXFileReference; lastKnownFileType = file.storyboard; name = Base; path = Base.lproj/LaunchScreen.storyboard; sourceTree = "<group>"; };
		5E8FEBA8203F51A3007D9DA2 /* Info.plist */ = {isa = PBXFileReference; lastKnownFileType = text.plist.xml; path = Info.plist; sourceTree = "<group>"; };
		5E8FEBAE203F51E7007D9DA2 /* STCubeTransition.swift */ = {isa = PBXFileReference; lastKnownFileType = sourcecode.swift; name = STCubeTransition.swift; path = STCubeTransition/STCubeTransition.swift; sourceTree = "<group>"; };
		5EE1E80020429C6B00FE6F89 /* STCubeTransition.mov */ = {isa = PBXFileReference; lastKnownFileType = video.quicktime; path = STCubeTransition.mov; sourceTree = "<group>"; };
		5EE1E80420429F4A00FE6F89 /* STCubeTransition.gif */ = {isa = PBXFileReference; lastKnownFileType = image.gif; path = STCubeTransition.gif; sourceTree = "<group>"; };
/* End PBXFileReference section */

/* Begin PBXFrameworksBuildPhase section */
		5E8FEB96203F51A3007D9DA2 /* Frameworks */ = {
			isa = PBXFrameworksBuildPhase;
			buildActionMask = 2147483647;
			files = (
			);
			runOnlyForDeploymentPostprocessing = 0;
		};
/* End PBXFrameworksBuildPhase section */

/* Begin PBXGroup section */
		5E8FEB90203F51A3007D9DA2 = {
			isa = PBXGroup;
			children = (
				5E8FEB9B203F51A3007D9DA2 /* STCubeTransition */,
				5E8FEB9A203F51A3007D9DA2 /* Products */,
			);
			sourceTree = "<group>";
		};
		5E8FEB9A203F51A3007D9DA2 /* Products */ = {
			isa = PBXGroup;
			children = (
				5E8FEB99203F51A3007D9DA2 /* STCubeTransition.app */,
			);
			name = Products;
			sourceTree = "<group>";
		};
		5E8FEB9B203F51A3007D9DA2 /* STCubeTransition */ = {
			isa = PBXGroup;
			children = (
				5E8FEBAE203F51E7007D9DA2 /* STCubeTransition.swift */,
				5EE1E7FF20429C3B00FE6F89 /* assets */,
				5EE1E7FE20429C2900FE6F89 /* Demo */,
				5E8FEBA0203F51A3007D9DA2 /* Main.storyboard */,
				5E8FEBA3203F51A3007D9DA2 /* Assets.xcassets */,
				5E8FEBA5203F51A3007D9DA2 /* LaunchScreen.storyboard */,
				5E8FEBA8203F51A3007D9DA2 /* Info.plist */,
			);
			path = STCubeTransition;
			sourceTree = "<group>";
		};
		5EE1E7FE20429C2900FE6F89 /* Demo */ = {
			isa = PBXGroup;
			children = (
				5E8FEB9C203F51A3007D9DA2 /* AppDelegate.swift */,
				5E8FEB9E203F51A3007D9DA2 /* ViewController.swift */,
			);
			path = Demo;
			sourceTree = "<group>";
		};
		5EE1E7FF20429C3B00FE6F89 /* assets */ = {
			isa = PBXGroup;
			children = (
				5EE1E80420429F4A00FE6F89 /* STCubeTransition.gif */,
				5EE1E80020429C6B00FE6F89 /* STCubeTransition.mov */,
			);
			path = assets;
			sourceTree = "<group>";
		};
/* End PBXGroup section */

/* Begin PBXNativeTarget section */
		5E8FEB98203F51A3007D9DA2 /* STCubeTransition */ = {
			isa = PBXNativeTarget;
			buildConfigurationList = 5E8FEBAB203F51A3007D9DA2 /* Build configuration list for PBXNativeTarget "STCubeTransition" */;
			buildPhases = (
				5E8FEB95203F51A3007D9DA2 /* Sources */,
				5E8FEB96203F51A3007D9DA2 /* Frameworks */,
				5E8FEB97203F51A3007D9DA2 /* Resources */,
			);
			buildRules = (
			);
			dependencies = (
			);
			name = STCubeTransition;
			productName = STCubeTransition;
			productReference = 5E8FEB99203F51A3007D9DA2 /* STCubeTransition.app */;
			productType = "com.apple.product-type.application";
		};
/* End PBXNativeTarget section */

/* Begin PBXProject section */
		5E8FEB91203F51A3007D9DA2 /* Project object */ = {
			isa = PBXProject;
			attributes = {
				LastSwiftUpdateCheck = 0920;
				LastUpgradeCheck = 0920;
				ORGANIZATIONNAME = "LeanSwift Inc";
				TargetAttributes = {
					5E8FEB98203F51A3007D9DA2 = {
						CreatedOnToolsVersion = 9.2;
						ProvisioningStyle = Automatic;
					};
				};
			};
			buildConfigurationList = 5E8FEB94203F51A3007D9DA2 /* Build configuration list for PBXProject "STCubeTransition" */;
			compatibilityVersion = "Xcode 8.0";
			developmentRegion = en;
			hasScannedForEncodings = 0;
			knownRegions = (
				en,
				Base,
			);
			mainGroup = 5E8FEB90203F51A3007D9DA2;
			productRefGroup = 5E8FEB9A203F51A3007D9DA2 /* Products */;
			projectDirPath = "";
			projectRoot = "";
			targets = (
				5E8FEB98203F51A3007D9DA2 /* STCubeTransition */,
			);
		};
/* End PBXProject section */

/* Begin PBXResourcesBuildPhase section */
		5E8FEB97203F51A3007D9DA2 /* Resources */ = {
			isa = PBXResourcesBuildPhase;
			buildActionMask = 2147483647;
			files = (
				5E8FEBA7203F51A3007D9DA2 /* LaunchScreen.storyboard in Resources */,
				5EE1E80120429C6B00FE6F89 /* STCubeTransition.mov in Resources */,
				5E8FEBA4203F51A3007D9DA2 /* Assets.xcassets in Resources */,
				5E8FEBA2203F51A3007D9DA2 /* Main.storyboard in Resources */,
				5EE1E80520429F4A00FE6F89 /* STCubeTransition.gif in Resources */,
			);
			runOnlyForDeploymentPostprocessing = 0;
		};
/* End PBXResourcesBuildPhase section */

/* Begin PBXSourcesBuildPhase section */
		5E8FEB95203F51A3007D9DA2 /* Sources */ = {
			isa = PBXSourcesBuildPhase;
			buildActionMask = 2147483647;
			files = (
				5E8FEBAF203F51E7007D9DA2 /* STCubeTransition.swift in Sources */,
				5E8FEB9F203F51A3007D9DA2 /* ViewController.swift in Sources */,
				5E8FEB9D203F51A3007D9DA2 /* AppDelegate.swift in Sources */,
			);
			runOnlyForDeploymentPostprocessing = 0;
		};
/* End PBXSourcesBuildPhase section */

/* Begin PBXVariantGroup section */
		5E8FEBA0203F51A3007D9DA2 /* Main.storyboard */ = {
			isa = PBXVariantGroup;
			children = (
				5E8FEBA1203F51A3007D9DA2 /* Base */,
			);
			name = Main.storyboard;
			sourceTree = "<group>";
		};
		5E8FEBA5203F51A3007D9DA2 /* LaunchScreen.storyboard */ = {
			isa = PBXVariantGroup;
			children = (
				5E8FEBA6203F51A3007D9DA2 /* Base */,
			);
			name = LaunchScreen.storyboard;
			sourceTree = "<group>";
		};
/* End PBXVariantGroup section */

/* Begin XCBuildConfiguration section */
		5E8FEBA9203F51A3007D9DA2 /* Debug */ = {
			isa = XCBuildConfiguration;
			buildSettings = {
				ALWAYS_SEARCH_USER_PATHS = NO;
				CLANG_ANALYZER_NONNULL = YES;
				CLANG_ANALYZER_NUMBER_OBJECT_CONVERSION = YES_AGGRESSIVE;
				CLANG_CXX_LANGUAGE_STANDARD = "gnu++14";
				CLANG_CXX_LIBRARY = "libc++";
				CLANG_ENABLE_MODULES = YES;
				CLANG_ENABLE_OBJC_ARC = YES;
				CLANG_WARN_BLOCK_CAPTURE_AUTORELEASING = YES;
				CLANG_WARN_BOOL_CONVERSION = YES;
				CLANG_WARN_COMMA = YES;
				CLANG_WARN_CONSTANT_CONVERSION = YES;
				CLANG_WARN_DIRECT_OBJC_ISA_USAGE = YES_ERROR;
				CLANG_WARN_DOCUMENTATION_COMMENTS = YES;
				CLANG_WARN_EMPTY_BODY = YES;
				CLANG_WARN_ENUM_CONVERSION = YES;
				CLANG_WARN_INFINITE_RECURSION = YES;
				CLANG_WARN_INT_CONVERSION = YES;
				CLANG_WARN_NON_LITERAL_NULL_CONVERSION = YES;
				CLANG_WARN_OBJC_LITERAL_CONVERSION = YES;
				CLANG_WARN_OBJC_ROOT_CLASS = YES_ERROR;
				CLANG_WARN_RANGE_LOOP_ANALYSIS = YES;
				CLANG_WARN_STRICT_PROTOTYPES = YES;
				CLANG_WARN_SUSPICIOUS_MOVE = YES;
				CLANG_WARN_UNGUARDED_AVAILABILITY = YES_AGGRESSIVE;
				CLANG_WARN_UNREACHABLE_CODE = YES;
				CLANG_WARN__DUPLICATE_METHOD_MATCH = YES;
				CODE_SIGN_IDENTITY = "iPhone Developer";
				COPY_PHASE_STRIP = NO;
				DEBUG_INFORMATION_FORMAT = dwarf;
				ENABLE_STRICT_OBJC_MSGSEND = YES;
				ENABLE_TESTABILITY = YES;
				GCC_C_LANGUAGE_STANDARD = gnu11;
				GCC_DYNAMIC_NO_PIC = NO;
				GCC_NO_COMMON_BLOCKS = YES;
				GCC_OPTIMIZATION_LEVEL = 0;
				GCC_PREPROCESSOR_DEFINITIONS = (
					"DEBUG=1",
					"$(inherited)",
				);
				GCC_WARN_64_TO_32_BIT_CONVERSION = YES;
				GCC_WARN_ABOUT_RETURN_TYPE = YES_ERROR;
				GCC_WARN_UNDECLARED_SELECTOR = YES;
				GCC_WARN_UNINITIALIZED_AUTOS = YES_AGGRESSIVE;
				GCC_WARN_UNUSED_FUNCTION = YES;
				GCC_WARN_UNUSED_VARIABLE = YES;
				IPHONEOS_DEPLOYMENT_TARGET = 11.2;
				MTL_ENABLE_DEBUG_INFO = YES;
				ONLY_ACTIVE_ARCH = YES;
				SDKROOT = iphoneos;
				SWIFT_ACTIVE_COMPILATION_CONDITIONS = DEBUG;
				SWIFT_OPTIMIZATION_LEVEL = "-Onone";
			};
			name = Debug;
		};
		5E8FEBAA203F51A3007D9DA2 /* Release */ = {
			isa = XCBuildConfiguration;
			buildSettings = {
				ALWAYS_SEARCH_USER_PATHS = NO;
				CLANG_ANALYZER_NONNULL = YES;
				CLANG_ANALYZER_NUMBER_OBJECT_CONVERSION = YES_AGGRESSIVE;
				CLANG_CXX_LANGUAGE_STANDARD = "gnu++14";
				CLANG_CXX_LIBRARY = "libc++";
				CLANG_ENABLE_MODULES = YES;
				CLANG_ENABLE_OBJC_ARC = YES;
				CLANG_WARN_BLOCK_CAPTURE_AUTORELEASING = YES;
				CLANG_WARN_BOOL_CONVERSION = YES;
				CLANG_WARN_COMMA = YES;
				CLANG_WARN_CONSTANT_CONVERSION = YES;
				CLANG_WARN_DIRECT_OBJC_ISA_USAGE = YES_ERROR;
				CLANG_WARN_DOCUMENTATION_COMMENTS = YES;
				CLANG_WARN_EMPTY_BODY = YES;
				CLANG_WARN_ENUM_CONVERSION = YES;
				CLANG_WARN_INFINITE_RECURSION = YES;
				CLANG_WARN_INT_CONVERSION = YES;
				CLANG_WARN_NON_LITERAL_NULL_CONVERSION = YES;
				CLANG_WARN_OBJC_LITERAL_CONVERSION = YES;
				CLANG_WARN_OBJC_ROOT_CLASS = YES_ERROR;
				CLANG_WARN_RANGE_LOOP_ANALYSIS = YES;
				CLANG_WARN_STRICT_PROTOTYPES = YES;
				CLANG_WARN_SUSPICIOUS_MOVE = YES;
				CLANG_WARN_UNGUARDED_AVAILABILITY = YES_AGGRESSIVE;
				CLANG_WARN_UNREACHABLE_CODE = YES;
				CLANG_WARN__DUPLICATE_METHOD_MATCH = YES;
				CODE_SIGN_IDENTITY = "iPhone Developer";
				COPY_PHASE_STRIP = NO;
				DEBUG_INFORMATION_FORMAT = "dwarf-with-dsym";
				ENABLE_NS_ASSERTIONS = NO;
				ENABLE_STRICT_OBJC_MSGSEND = YES;
				GCC_C_LANGUAGE_STANDARD = gnu11;
				GCC_NO_COMMON_BLOCKS = YES;
				GCC_WARN_64_TO_32_BIT_CONVERSION = YES;
				GCC_WARN_ABOUT_RETURN_TYPE = YES_ERROR;
				GCC_WARN_UNDECLARED_SELECTOR = YES;
				GCC_WARN_UNINITIALIZED_AUTOS = YES_AGGRESSIVE;
				GCC_WARN_UNUSED_FUNCTION = YES;
				GCC_WARN_UNUSED_VARIABLE = YES;
				IPHONEOS_DEPLOYMENT_TARGET = 11.2;
				MTL_ENABLE_DEBUG_INFO = NO;
				SDKROOT = iphoneos;
				SWIFT_OPTIMIZATION_LEVEL = "-Owholemodule";
				VALIDATE_PRODUCT = YES;
			};
			name = Release;
		};
		5E8FEBAC203F51A3007D9DA2 /* Debug */ = {
			isa = XCBuildConfiguration;
			buildSettings = {
				ASSETCATALOG_COMPILER_APPICON_NAME = AppIcon;
				CODE_SIGN_STYLE = Automatic;
				DEVELOPMENT_TEAM = "";
				INFOPLIST_FILE = STCubeTransition/Info.plist;
				LD_RUNPATH_SEARCH_PATHS = "$(inherited) @executable_path/Frameworks";
				PRODUCT_BUNDLE_IDENTIFIER = com.sasimoorthy.STCubeTransition;
				PRODUCT_NAME = "$(TARGET_NAME)";
				SWIFT_VERSION = 4.0;
				TARGETED_DEVICE_FAMILY = "1,2";
			};
			name = Debug;
		};
		5E8FEBAD203F51A3007D9DA2 /* Release */ = {
			isa = XCBuildConfiguration;
			buildSettings = {
				ASSETCATALOG_COMPILER_APPICON_NAME = AppIcon;
				CODE_SIGN_STYLE = Automatic;
				DEVELOPMENT_TEAM = "";
				INFOPLIST_FILE = STCubeTransition/Info.plist;
				LD_RUNPATH_SEARCH_PATHS = "$(inherited) @executable_path/Frameworks";
				PRODUCT_BUNDLE_IDENTIFIER = com.sasimoorthy.STCubeTransition;
				PRODUCT_NAME = "$(TARGET_NAME)";
				SWIFT_VERSION = 4.0;
				TARGETED_DEVICE_FAMILY = "1,2";
			};
			name = Release;
		};
/* End XCBuildConfiguration section */

/* Begin XCConfigurationList section */
		5E8FEB94203F51A3007D9DA2 /* Build configuration list for PBXProject "STCubeTransition" */ = {
			isa = XCConfigurationList;
			buildConfigurations = (
				5E8FEBA9203F51A3007D9DA2 /* Debug */,
				5E8FEBAA203F51A3007D9DA2 /* Release */,
			);
			defaultConfigurationIsVisible = 0;
			defaultConfigurationName = Release;
		};
		5E8FEBAB203F51A3007D9DA2 /* Build configuration list for PBXNativeTarget "STCubeTransition" */ = {
			isa = XCConfigurationList;
			buildConfigurations = (
				5E8FEBAC203F51A3007D9DA2 /* Debug */,
				5E8FEBAD203F51A3007D9DA2 /* Release */,
			);
			defaultConfigurationIsVisible = 0;
			defaultConfigurationName = Release;
		};
/* End XCConfigurationList section */
	};
	rootObject = 5E8FEB91203F51A3007D9DA2 /* Project object */;
}
